// !$*UTF8*$!
{
	archiveVersion = 1;
	classes = {
	};
	objectVersion = 77;
	objects = {

/* Begin PBXBuildFile section */
		2E2A57EF2F638CEF0038509D /* Alamofire in Frameworks */ = {isa = PBXBuildFile; productRef = 2E2A57EE2F638CEF0038509D /* Alamofire */; };
/* End PBXBuildFile section */

/* Begin PBXContainerItemProxy section */
		2E2A57B72F638C4D0038509D /* PBXContainerItemProxy */ = {
			isa = PBXContainerItemProxy;
			containerPortal = 2E2A57952F638C4C0038509D /* Project object */;
			proxyType = 1;
			remoteGlobalIDString = 2E2A579C2F638C4C0038509D;
			remoteInfo = RickAndMortyAPI;
		};
		2E2A57C12F638C4D0038509D /* PBXContainerItemProxy */ = {
			isa = PBXContainerItemProxy;
			containerPortal = 2E2A57952F638C4C0038509D /* Project object */;
			proxyType = 1;
			remoteGlobalIDString = 2E2A579C2F638C4C0038509D;
			remoteInfo = RickAndMortyAPI;
		};
/* End PBXContainerItemProxy section */

/* Begin PBXFileReference section */
		2E2A579D2F638C4C0038509D /* RickAndMortyAPI.app */ = {isa = PBXFileReference; explicitFileType = wrapper.application; includeInIndex = 0; path = RickAndMortyAPI.app; sourceTree = BUILT_PRODUCTS_DIR; };
		2E2A57B62F638C4D0038509D /* RickAndMortyAPITests.xctest */ = {isa = PBXFileReference; explicitFileType = wrapper.cfbundle; includeInIndex = 0; path = RickAndMortyAPITests.xctest; sourceTree = BUILT_PRODUCTS_DIR; };
		2E2A57C02F638C4D0038509D /* RickAndMortyAPIUITests.xctest */ = {isa = PBXFileReference; explicitFileType = wrapper.cfbundle; includeInIndex = 0; path = RickAndMortyAPIUITests.xctest; sourceTree = BUILT_PRODUCTS_DIR; };
/* End PBXFileReference section */

/* Begin PBXFileSystemSynchronizedBuildFileExceptionSet section */
		2E2A57C82F638C4D0038509D /* Exceptions for "RickAndMortyAPI" folder in "RickAndMortyAPI" target */ = {
			isa = PBXFileSystemSynchronizedBuildFileExceptionSet;
			membershipExceptions = (
				Info.plist,
			);
			target = 2E2A579C2F638C4C0038509D /* RickAndMortyAPI */;
		};
/* End PBXFileSystemSynchronizedBuildFileExceptionSet section */

/* Begin PBXFileSystemSynchronizedRootGroup section */
		2E2A579F2F638C4C0038509D /* RickAndMortyAPI */ = {
			isa = PBXFileSystemSynchronizedRootGroup;
			exceptions = (
				2E2A57C82F638C4D0038509D /* Exceptions for "RickAndMortyAPI" folder in "RickAndMortyAPI" target */,
			);
			path = RickAndMortyAPI;
			sourceTree = "<group>";
		};
		2E2A57B92F638C4D0038509D /* RickAndMortyAPITests */ = {
			isa = PBXFileSystemSynchronizedRootGroup;
			path = RickAndMortyAPITests;
			sourceTree = "<group>";
		};
		2E2A57C32F638C4D0038509D /* RickAndMortyAPIUITests */ = {
			isa = PBXFileSystemSynchronizedRootGroup;
			path = RickAndMortyAPIUITests;
			sourceTree = "<group>";
		};
/* End PBXFileSystemSynchronizedRootGroup section */

/* Begin PBXFrameworksBuildPhase section */
		2E2A579A2F638C4C0038509D /* Frameworks */ = {
			isa = PBXFrameworksBuildPhase;
			buildActionMask = 2147483647;
			files = (
				2E2A57EF2F638CEF0038509D /* Alamofire in Frameworks */,
			);
			runOnlyForDeploymentPostprocessing = 0;
		};
		2E2A57B32F638C4D0038509D /* Frameworks */ = {
			isa = PBXFrameworksBuildPhase;
			buildActionMask = 2147483647;
			files = (
			);
			runOnlyForDeploymentPostprocessing = 0;
		};
		2E2A57BD2F638C4D0038509D /* Frameworks */ = {
			isa = PBXFrameworksBuildPhase;
			buildActionMask = 2147483647;
			files = (
			);
			runOnlyForDeploymentPostprocessing = 0;
		};
/* End PBXFrameworksBuildPhase section */

/* Begin PBXGroup section */
		2E2A57942F638C4C0038509D = {
			isa = PBXGroup;
			children = (
				2E2A579F2F638C4C0038509D /* RickAndMortyAPI */,
				2E2A57B92F638C4D0038509D /* RickAndMortyAPITests */,
				2E2A57C32F638C4D0038509D /* RickAndMortyAPIUITests */,
				2E2A579E2F638C4C0038509D /* Products */,
			);
			sourceTree = "<group>";
		};
		2E2A579E2F638C4C0038509D /* Products */ = {
			isa = PBXGroup;
			children = (
				2E2A579D2F638C4C0038509D /* RickAndMortyAPI.app */,
				2E2A57B62F638C4D0038509D /* RickAndMortyAPITests.xctest */,
				2E2A57C02F638C4D0038509D /* RickAndMortyAPIUITests.xctest */,
			);
			name = Products;
			sourceTree = "<group>";
		};
/* End PBXGroup section */

/* Begin PBXNativeTarget section */
		2E2A579C2F638C4C0038509D /* RickAndMortyAPI */ = {
			isa = PBXNativeTarget;
			buildConfigurationList = 2E2A57C92F638C4D0038509D /* Build configuration list for PBXNativeTarget "RickAndMortyAPI" */;
			buildPhases = (
				2E2A57992F638C4C0038509D /* Sources */,
				2E2A579A2F638C4C0038509D /* Frameworks */,
				2E2A579B2F638C4C0038509D /* Resources */,
			);
			buildRules = (
			);
			dependencies = (
			);
			fileSystemSynchronizedGroups = (
				2E2A579F2F638C4C0038509D /* RickAndMortyAPI */,
			);
			name = RickAndMortyAPI;
			packageProductDependencies = (
				2E2A57EE2F638CEF0038509D /* Alamofire */,
			);
			productName = RickAndMortyAPI;
			productReference = 2E2A579D2F638C4C0038509D /* RickAndMortyAPI.app */;
			productType = "com.apple.product-type.application";
		};
		2E2A57B52F638C4D0038509D /* RickAndMortyAPITests */ = {
			isa = PBXNativeTarget;
			buildConfigurationList = 2E2A57CE2F638C4D0038509D /* Build configuration list for PBXNativeTarget "RickAndMortyAPITests" */;
			buildPhases = (
				2E2A57B22F638C4D0038509D /* Sources */,
				2E2A57B32F638C4D0038509D /* Frameworks */,
				2E2A57B42F638C4D0038509D /* Resources */,
			);
			buildRules = (
			);
			dependencies = (
				2E2A57B82F638C4D0038509D /* PBXTargetDependency */,
			);
			fileSystemSynchronizedGroups = (
				2E2A57B92F638C4D0038509D /* RickAndMortyAPITests */,
			);
			name = RickAndMortyAPITests;
			packageProductDependencies = (
			);
			productName = RickAndMortyAPITests;
			productReference = 2E2A57B62F638C4D0038509D /* RickAndMortyAPITests.xctest */;
			productType = "com.apple.product-type.bundle.unit-test";
		};
		2E2A57BF2F638C4D0038509D /* RickAndMortyAPIUITests */ = {
			isa = PBXNativeTarget;
			buildConfigurationList = 2E2A57D12F638C4D0038509D /* Build configuration list for PBXNativeTarget "RickAndMortyAPIUITests" */;
			buildPhases = (
				2E2A57BC2F638C4D0038509D /* Sources */,
				2E2A57BD2F638C4D0038509D /* Frameworks */,
				2E2A57BE2F638C4D0038509D /* Resources */,
			);
			buildRules = (
			);
			dependencies = (
				2E2A57C22F638C4D0038509D /* PBXTargetDependency */,
			);
			fileSystemSynchronizedGroups = (
				2E2A57C32F638C4D0038509D /* RickAndMortyAPIUITests */,
			);
			name = RickAndMortyAPIUITests;
			packageProductDependencies = (
			);
			productName = RickAndMortyAPIUITests;
			productReference = 2E2A57C02F638C4D0038509D /* RickAndMortyAPIUITests.xctest */;
			productType = "com.apple.product-type.bundle.ui-testing";
		};
/* End PBXNativeTarget section */

/* Begin PBXProject section */
		2E2A57952F638C4C0038509D /* Project object */ = {
			isa = PBXProject;
			attributes = {
				BuildIndependentTargetsInParallel = 1;
				LastSwiftUpdateCheck = 2600;
				LastUpgradeCheck = 2600;
				TargetAttributes = {
					2E2A579C2F638C4C0038509D = {
						CreatedOnToolsVersion = 26.0.1;
					};
					2E2A57B52F638C4D0038509D = {
						CreatedOnToolsVersion = 26.0.1;
						TestTargetID = 2E2A579C2F638C4C0038509D;
					};
					2E2A57BF2F638C4D0038509D = {
						CreatedOnToolsVersion = 26.0.1;
						TestTargetID = 2E2A579C2F638C4C0038509D;
					};
				};
			};
			buildConfigurationList = 2E2A57982F638C4C0038509D /* Build configuration list for PBXProject "RickAndMortyAPI" */;
			developmentRegion = en;
			hasScannedForEncodings = 0;
			knownRegions = (
				en,
				Base,
			);
			mainGroup = 2E2A57942F638C4C0038509D;
			minimizedProjectReferenceProxies = 1;
			packageReferences = (
				2E2A57ED2F638CEF0038509D /* XCRemoteSwiftPackageReference "Alamofire" */,
			);
			preferredProjectObjectVersion = 77;
			productRefGroup = 2E2A579E2F638C4C0038509D /* Products */;
			projectDirPath = "";
			projectRoot = "";
			targets = (
				2E2A579C2F638C4C0038509D /* RickAndMortyAPI */,
				2E2A57B52F638C4D0038509D /* RickAndMortyAPITests */,
				2E2A57BF2F638C4D0038509D /* RickAndMortyAPIUITests */,
			);
		};
/* End PBXProject section */

/* Begin PBXResourcesBuildPhase section */
		2E2A579B2F638C4C0038509D /* Resources */ = {
			isa = PBXResourcesBuildPhase;
			buildActionMask = 2147483647;
			files = (
			);
			runOnlyForDeploymentPostprocessing = 0;
		};
		2E2A57B42F638C4D0038509D /* Resources */ = {
			isa = PBXResourcesBuildPhase;
			buildActionMask = 2147483647;
			files = (
			);
			runOnlyForDeploymentPostprocessing = 0;
		};
		2E2A57BE2F638C4D0038509D /* Resources */ = {
			isa = PBXResourcesBuildPhase;
			buildActionMask = 2147483647;
			files = (
			);
			runOnlyForDeploymentPostprocessing = 0;
		};
/* End PBXResourcesBuildPhase section */

/* Begin PBXSourcesBuildPhase section */
		2E2A57992F638C4C0038509D /* Sources */ = {
			isa = PBXSourcesBuildPhase;
			buildActionMask = 2147483647;
			files = (
			);
			runOnlyForDeploymentPostprocessing = 0;
		};
		2E2A57B22F638C4D0038509D /* Sources */ = {
			isa = PBXSourcesBuildPhase;
			buildActionMask = 2147483647;
			files = (
			);
			runOnlyForDeploymentPostprocessing = 0;
		};
		2E2A57BC2F638C4D0038509D /* Sources */ = {
			isa = PBXSourcesBuildPhase;
			buildActionMask = 2147483647;
			files = (
			);
			runOnlyForDeploymentPostprocessing = 0;
		};
/* End PBXSourcesBuildPhase section */

/* Begin PBXTargetDependency section */
		2E2A57B82F638C4D0038509D /* PBXTargetDependency */ = {
			isa = PBXTargetDependency;
			target = 2E2A579C2F638C4C0038509D /* RickAndMortyAPI */;
			targetProxy = 2E2A57B72F638C4D0038509D /* PBXContainerItemProxy */;
		};
		2E2A57C22F638C4D0038509D /* PBXTargetDependency */ = {
			isa = PBXTargetDependency;
			target = 2E2A579C2F638C4C0038509D /* RickAndMortyAPI */;
			targetProxy = 2E2A57C12F638C4D0038509D /* PBXContainerItemProxy */;
		};
/* End PBXTargetDependency section */

/* Begin XCBuildConfiguration section */
		2E2A57CA2F638C4D0038509D /* Debug */ = {
			isa = XCBuildConfiguration;
			buildSettings = {
				ASSETCATALOG_COMPILER_APPICON_NAME = AppIcon;
				ASSETCATALOG_COMPILER_GLOBAL_ACCENT_COLOR_NAME = AccentColor;
				CODE_SIGN_STYLE = Automatic;
				CURRENT_PROJECT_VERSION = 1;
				DEVELOPMENT_TEAM = BDCAM8X424;
				GENERATE_INFOPLIST_FILE = YES;
				INFOPLIST_FILE = RickAndMortyAPI/Info.plist;
				INFOPLIST_KEY_UIApplicationSupportsIndirectInputEvents = YES;
				INFOPLIST_KEY_UILaunchStoryboardName = LaunchScreen;
				INFOPLIST_KEY_UIMainStoryboardFile = Main;
				INFOPLIST_KEY_UISupportedInterfaceOrientations_iPad = "UIInterfaceOrientationPortrait UIInterfaceOrientationPortraitUpsideDown UIInterfaceOrientationLandscapeLeft UIInterfaceOrientationLandscapeRight";
				INFOPLIST_KEY_UISupportedInterfaceOrientations_iPhone = "UIInterfaceOrientationPortrait UIInterfaceOrientationLandscapeLeft UIInterfaceOrientationLandscapeRight";
				LD_RUNPATH_SEARCH_PATHS = (
					"$(inherited)",
					"@executable_path/Frameworks",
				);
				MARKETING_VERSION = 1.0;
				PRODUCT_BUNDLE_IDENTIFIER = app.RickAndMortyAPI;
				PRODUCT_NAME = "$(TARGET_NAME)";
				STRING_CATALOG_GENERATE_SYMBOLS = YES;
				SWIFT_APPROACHABLE_CONCURRENCY = YES;
				SWIFT_DEFAULT_ACTOR_ISOLATION = MainActor;
				SWIFT_EMIT_LOC_STRINGS = YES;
				SWIFT_UPCOMING_FEATURE_MEMBER_IMPORT_VISIBILITY = YES;
				SWIFT_VERSION = 5.0;
				TARGETED_DEVICE_FAMILY = "1,2";
			};
			name = Debug;
		};
		2E2A57CB2F638C4D0038509D /* Release */ = {
			isa = XCBuildConfiguration;
			buildSettings = {
				ASSETCATALOG_COMPILER_APPICON_NAME = AppIcon;
				ASSETCATALOG_COMPILER_GLOBAL_ACCENT_COLOR_NAME = AccentColor;
				CODE_SIGN_STYLE = Automatic;
				CURRENT_PROJECT_VERSION = 1;
				DEVELOPMENT_TEAM = BDCAM8X424;
				GENERATE_INFOPLIST_FILE = YES;
				INFOPLIST_FILE = RickAndMortyAPI/Info.plist;
				INFOPLIST_KEY_UIApplicationSupportsIndirectInputEvents = YES;
				INFOPLIST_KEY_UILaunchStoryboardName = LaunchScreen;
				INFOPLIST_KEY_UIMainStoryboardFile = Main;
				INFOPLIST_KEY_UISupportedInterfaceOrientations_iPad = "UIInterfaceOrientationPortrait UIInterfaceOrientationPortraitUpsideDown UIInterfaceOrientationLandscapeLeft UIInterfaceOrientationLandscapeRight";
				INFOPLIST_KEY_UISupportedInterfaceOrientations_iPhone = "UIInterfaceOrientationPortrait UIInterfaceOrientationLandscapeLeft UIInterfaceOrientationLandscapeRight";
				LD_RUNPATH_SEARCH_PATHS = (
					"$(inherited)",
					"@executable_path/Frameworks",
				);
				MARKETING_VERSION = 1.0;
				PRODUCT_BUNDLE_IDENTIFIER = app.RickAndMortyAPI;
				PRODUCT_NAME = "$(TARGET_NAME)";
				STRING_CATALOG_GENERATE_SYMBOLS = YES;
				SWIFT_APPROACHABLE_CONCURRENCY = YES;
				SWIFT_DEFAULT_ACTOR_ISOLATION = MainActor;
				SWIFT_EMIT_LOC_STRINGS = YES;
				SWIFT_UPCOMING_FEATURE_MEMBER_IMPORT_VISIBILITY = YES;
				SWIFT_VERSION = 5.0;
				TARGETED_DEVICE_FAMILY = "1,2";
			};
			name = Release;
		};
		2E2A57CC2F638C4D0038509D /* Debug */ = {
			isa = XCBuildConfiguration;
			buildSettings = {
				ALWAYS_SEARCH_USER_PATHS = NO;
				ASSETCATALOG_COMPILER_GENERATE_SWIFT_ASSET_SYMBOL_EXTENSIONS = YES;
				CLANG_ANALYZER_NONNULL = YES;
				CLANG_ANALYZER_NUMBER_OBJECT_CONVERSION = YES_AGGRESSIVE;
				CLANG_CXX_LANGUAGE_STANDARD = "gnu++20";
				CLANG_ENABLE_MODULES = YES;
				CLANG_ENABLE_OBJC_ARC = YES;
				CLANG_ENABLE_OBJC_WEAK = YES;
				CLANG_WARN_BLOCK_CAPTURE_AUTORELEASING = YES;
				CLANG_WARN_BOOL_CONVERSION = YES;
				CLANG_WARN_COMMA = YES;
				CLANG_WARN_CONSTANT_CONVERSION = YES;
				CLANG_WARN_DEPRECATED_OBJC_IMPLEMENTATIONS = YES;
				CLANG_WARN_DIRECT_OBJC_ISA_USAGE = YES_ERROR;
				CLANG_WARN_DOCUMENTATION_COMMENTS = YES;
				CLANG_WARN_EMPTY_BODY = YES;
				CLANG_WARN_ENUM_CONVERSION = YES;
				CLANG_WARN_INFINITE_RECURSION = YES;
				CLANG_WARN_INT_CONVERSION = YES;
				CLANG_WARN_NON_LITERAL_NULL_CONVERSION = YES;
				CLANG_WARN_OBJC_IMPLICIT_RETAIN_SELF = YES;
				CLANG_WARN_OBJC_LITERAL_CONVERSION = YES;
				CLANG_WARN_OBJC_ROOT_CLASS = YES_ERROR;
				CLANG_WARN_QUOTED_INCLUDE_IN_FRAMEWORK_HEADER = YES;
				CLANG_WARN_RANGE_LOOP_ANALYSIS = YES;
				CLANG_WARN_STRICT_PROTOTYPES = YES;
				CLANG_WARN_SUSPICIOUS_MOVE = YES;
				CLANG_WARN_UNGUARDED_AVAILABILITY = YES_AGGRESSIVE;
				CLANG_WARN_UNREACHABLE_CODE = YES;
				CLANG_WARN__DUPLICATE_METHOD_MATCH = YES;
				COPY_PHASE_STRIP = NO;
				DEBUG_INFORMATION_FORMAT = dwarf;
				DEVELOPMENT_TEAM = BDCAM8X424;
				ENABLE_STRICT_OBJC_MSGSEND = YES;
				ENABLE_TESTABILITY = YES;
				ENABLE_USER_SCRIPT_SANDBOXING = YES;
				GCC_C_LANGUAGE_STANDARD = gnu17;
				GCC_DYNAMIC_NO_PIC = NO;
				GCC_NO_COMMON_BLOCKS = YES;
				GCC_OPTIMIZATION_LEVEL = 0;
				GCC_PREPROCESSOR_DEFINITIONS = (
					"DEBUG=1",
					"$(inherited)",
				);
				GCC_WARN_64_TO_32_BIT_CONVERSION = YES;
				GCC_WARN_ABOUT_RETURN_TYPE = YES_ERROR;
				GCC_WARN_UNDECLARED_SELECTOR = YES;
				GCC_WARN_UNINITIALIZED_AUTOS = YES_AGGRESSIVE;
				GCC_WARN_UNUSED_FUNCTION = YES;
				GCC_WARN_UNUSED_VARIABLE = YES;
				IPHONEOS_DEPLOYMENT_TARGET = 26.0;
				LOCALIZATION_PREFERS_STRING_CATALOGS = YES;
				MTL_ENABLE_DEBUG_INFO = INCLUDE_SOURCE;
				MTL_FAST_MATH = YES;
				ONLY_ACTIVE_ARCH = YES;
				SDKROOT = iphoneos;
				SWIFT_ACTIVE_COMPILATION_CONDITIONS = "DEBUG $(inherited)";
				SWIFT_OPTIMIZATION_LEVEL = "-Onone";
			};
			name = Debug;
		};
		2E2A57CD2F638C4D0038509D /* Release */ = {
			isa = XCBuildConfiguration;
			buildSettings = {
				ALWAYS_SEARCH_USER_PATHS = NO;
				ASSETCATALOG_COMPILER_GENERATE_SWIFT_ASSET_SYMBOL_EXTENSIONS = YES;
				CLANG_ANALYZER_NONNULL = YES;
				CLANG_ANALYZER_NUMBER_OBJECT_CONVERSION = YES_AGGRESSIVE;
				CLANG_CXX_LANGUAGE_STANDARD = "gnu++20";
				CLANG_ENABLE_MODULES = YES;
				CLANG_ENABLE_OBJC_ARC = YES;
				CLANG_ENABLE_OBJC_WEAK = YES;
				CLANG_WARN_BLOCK_CAPTURE_AUTORELEASING = YES;
				CLANG_WARN_BOOL_CONVERSION = YES;
				CLANG_WARN_COMMA = YES;
				CLANG_WARN_CONSTANT_CONVERSION = YES;
				CLANG_WARN_DEPRECATED_OBJC_IMPLEMENTATIONS = YES;
				CLANG_WARN_DIRECT_OBJC_ISA_USAGE = YES_ERROR;
				CLANG_WARN_DOCUMENTATION_COMMENTS = YES;
				CLANG_WARN_EMPTY_BODY = YES;
				CLANG_WARN_ENUM_CONVERSION = YES;
				CLANG_WARN_INFINITE_RECURSION = YES;
				CLANG_WARN_INT_CONVERSION = YES;
				CLANG_WARN_NON_LITERAL_NULL_CONVERSION = YES;
				CLANG_WARN_OBJC_IMPLICIT_RETAIN_SELF = YES;
				CLANG_WARN_OBJC_LITERAL_CONVERSION = YES;
				CLANG_WARN_OBJC_ROOT_CLASS = YES_ERROR;
				CLANG_WARN_QUOTED_INCLUDE_IN_FRAMEWORK_HEADER = YES;
				CLANG_WARN_RANGE_LOOP_ANALYSIS = YES;
				CLANG_WARN_STRICT_PROTOTYPES = YES;
				CLANG_WARN_SUSPICIOUS_MOVE = YES;
				CLANG_WARN_UNGUARDED_AVAILABILITY = YES_AGGRESSIVE;
				CLANG_WARN_UNREACHABLE_CODE = YES;
				CLANG_WARN__DUPLICATE_METHOD_MATCH = YES;
				COPY_PHASE_STRIP = NO;
				DEBUG_INFORMATION_FORMAT = "dwarf-with-dsym";
				DEVELOPMENT_TEAM = BDCAM8X424;
				ENABLE_NS_ASSERTIONS = NO;
				ENABLE_STRICT_OBJC_MSGSEND = YES;
				ENABLE_USER_SCRIPT_SANDBOXING = YES;
				GCC_C_LANGUAGE_STANDARD = gnu17;
				GCC_NO_COMMON_BLOCKS = YES;
				GCC_WARN_64_TO_32_BIT_CONVERSION = YES;
				GCC_WARN_ABOUT_RETURN_TYPE = YES_ERROR;
				GCC_WARN_UNDECLARED_SELECTOR = YES;
				GCC_WARN_UNINITIALIZED_AUTOS = YES_AGGRESSIVE;
				GCC_WARN_UNUSED_FUNCTION = YES;
				GCC_WARN_UNUSED_VARIABLE = YES;
				IPHONEOS_DEPLOYMENT_TARGET = 26.0;
				LOCALIZATION_PREFERS_STRING_CATALOGS = YES;
				MTL_ENABLE_DEBUG_INFO = NO;
				MTL_FAST_MATH = YES;
				SDKROOT = iphoneos;
				SWIFT_COMPILATION_MODE = wholemodule;
				VALIDATE_PRODUCT = YES;
			};
			name = Release;
		};
		2E2A57CF2F638C4D0038509D /* Debug */ = {
			isa = XCBuildConfiguration;
			buildSettings = {
				BUNDLE_LOADER = "$(TEST_HOST)";
				CODE_SIGN_STYLE = Automatic;
				CURRENT_PROJECT_VERSION = 1;
				DEVELOPMENT_TEAM = BDCAM8X424;
				GENERATE_INFOPLIST_FILE = YES;
				IPHONEOS_DEPLOYMENT_TARGET = 26.0;
				MARKETING_VERSION = 1.0;
				PRODUCT_BUNDLE_IDENTIFIER = app.RickAndMortyAPITests;
				PRODUCT_NAME = "$(TARGET_NAME)";
				STRING_CATALOG_GENERATE_SYMBOLS = NO;
				SWIFT_APPROACHABLE_CONCURRENCY = YES;
				SWIFT_EMIT_LOC_STRINGS = NO;
				SWIFT_UPCOMING_FEATURE_MEMBER_IMPORT_VISIBILITY = YES;
				SWIFT_VERSION = 5.0;
				TARGETED_DEVICE_FAMILY = "1,2";
				TEST_HOST = "$(BUILT_PRODUCTS_DIR)/RickAndMortyAPI.app/$(BUNDLE_EXECUTABLE_FOLDER_PATH)/RickAndMortyAPI";
			};
			name = Debug;
		};
		2E2A57D02F638C4D0038509D /* Release */ = {
			isa = XCBuildConfiguration;
			buildSettings = {
				BUNDLE_LOADER = "$(TEST_HOST)";
				CODE_SIGN_STYLE = Automatic;
				CURRENT_PROJECT_VERSION = 1;
				DEVELOPMENT_TEAM = BDCAM8X424;
				GENERATE_INFOPLIST_FILE = YES;
				IPHONEOS_DEPLOYMENT_TARGET = 26.0;
				MARKETING_VERSION = 1.0;
				PRODUCT_BUNDLE_IDENTIFIER = app.RickAndMortyAPITests;
				PRODUCT_NAME = "$(TARGET_NAME)";
				STRING_CATALOG_GENERATE_SYMBOLS = NO;
				SWIFT_APPROACHABLE_CONCURRENCY = YES;
				SWIFT_EMIT_LOC_STRINGS = NO;
				SWIFT_UPCOMING_FEATURE_MEMBER_IMPORT_VISIBILITY = YES;
				SWIFT_VERSION = 5.0;
				TARGETED_DEVICE_FAMILY = "1,2";
				TEST_HOST = "$(BUILT_PRODUCTS_DIR)/RickAndMortyAPI.app/$(BUNDLE_EXECUTABLE_FOLDER_PATH)/RickAndMortyAPI";
			};
			name = Release;
		};
		2E2A57D22F638C4D0038509D /* Debug */ = {
			isa = XCBuildConfiguration;
			buildSettings = {
				CODE_SIGN_STYLE = Automatic;
				CURRENT_PROJECT_VERSION = 1;
				DEVELOPMENT_TEAM = BDCAM8X424;
				GENERATE_INFOPLIST_FILE = YES;
				MARKETING_VERSION = 1.0;
				PRODUCT_BUNDLE_IDENTIFIER = app.RickAndMortyAPIUITests;
				PRODUCT_NAME = "$(TARGET_NAME)";
				STRING_CATALOG_GENERATE_SYMBOLS = NO;
				SWIFT_APPROACHABLE_CONCURRENCY = YES;
				SWIFT_EMIT_LOC_STRINGS = NO;
				SWIFT_UPCOMING_FEATURE_MEMBER_IMPORT_VISIBILITY = YES;
				SWIFT_VERSION = 5.0;
				TARGETED_DEVICE_FAMILY = "1,2";
				TEST_TARGET_NAME = RickAndMortyAPI;
			};
			name = Debug;
		};
		2E2A57D32F638C4D0038509D /* Release */ = {
			isa = XCBuildConfiguration;
			buildSettings = {
				CODE_SIGN_STYLE = Automatic;
				CURRENT_PROJECT_VERSION = 1;
				DEVELOPMENT_TEAM = BDCAM8X424;
				GENERATE_INFOPLIST_FILE = YES;
				MARKETING_VERSION = 1.0;
				PRODUCT_BUNDLE_IDENTIFIER = app.RickAndMortyAPIUITests;
				PRODUCT_NAME = "$(TARGET_NAME)";
				STRING_CATALOG_GENERATE_SYMBOLS = NO;
				SWIFT_APPROACHABLE_CONCURRENCY = YES;
				SWIFT_EMIT_LOC_STRINGS = NO;
				SWIFT_UPCOMING_FEATURE_MEMBER_IMPORT_VISIBILITY = YES;
				SWIFT_VERSION = 5.0;
				TARGETED_DEVICE_FAMILY = "1,2";
				TEST_TARGET_NAME = RickAndMortyAPI;
			};
			name = Release;
		};
/* End XCBuildConfiguration section */

/* Begin XCConfigurationList section */
		2E2A57982F638C4C0038509D /* Build configuration list for PBXProject "RickAndMortyAPI" */ = {
			isa = XCConfigurationList;
			buildConfigurations = (
				2E2A57CC2F638C4D0038509D /* Debug */,
				2E2A57CD2F638C4D0038509D /* Release */,
			);
			defaultConfigurationIsVisible = 0;
			defaultConfigurationName = Release;
		};
		2E2A57C92F638C4D0038509D /* Build configuration list for PBXNativeTarget "RickAndMortyAPI" */ = {
			isa = XCConfigurationList;
			buildConfigurations = (
				2E2A57CA2F638C4D0038509D /* Debug */,
				2E2A57CB2F638C4D0038509D /* Release */,
			);
			defaultConfigurationIsVisible = 0;
			defaultConfigurationName = Release;
		};
		2E2A57CE2F638C4D0038509D /* Build configuration list for PBXNativeTarget "RickAndMortyAPITests" */ = {
			isa = XCConfigurationList;
			buildConfigurations = (
				2E2A57CF2F638C4D0038509D /* Debug */,
				2E2A57D02F638C4D0038509D /* Release */,
			);
			defaultConfigurationIsVisible = 0;
			defaultConfigurationName = Release;
		};
		2E2A57D12F638C4D0038509D /* Build configuration list for PBXNativeTarget "RickAndMortyAPIUITests" */ = {
			isa = XCConfigurationList;
			buildConfigurations = (
				2E2A57D22F638C4D0038509D /* Debug */,
				2E2A57D32F638C4D0038509D /* Release */,
			);
			defaultConfigurationIsVisible = 0;
			defaultConfigurationName = Release;
		};
/* End XCConfigurationList section */

/* Begin XCRemoteSwiftPackageReference section */
		2E2A57ED2F638CEF0038509D /* XCRemoteSwiftPackageReference "Alamofire" */ = {
			isa = XCRemoteSwiftPackageReference;
			repositoryURL = "https://github.com/Alamofire/Alamofire.git";
			requirement = {
				kind = upToNextMajorVersion;
				minimumVersion = 5.11.1;
			};
		};
/* End XCRemoteSwiftPackageReference section */

/* Begin XCSwiftPackageProductDependency section */
		2E2A57EE2F638CEF0038509D /* Alamofire */ = {
			isa = XCSwiftPackageProductDependency;
			package = 2E2A57ED2F638CEF0038509D /* XCRemoteSwiftPackageReference "Alamofire" */;
			productName = Alamofire;
		};
/* End XCSwiftPackageProductDependency section */
	};
	rootObject = 2E2A57952F638C4C0038509D /* Project object */;
}
